name: Update flake.lock

on:
  schedule:
    - cron: "0 6 * * 1"
  workflow_dispatch:

concurrency:
  group: update-flake-lock
  cancel-in-progress: true

jobs:
  update:
    name: nix flake update
    runs-on: ubuntu-latest
    permissions:
      contents: write
      pull-requests: write
    steps:
      - uses: actions/checkout@v7

      - uses: cachix/install-nix-action@v31
        with:
          github_access_token: ${{ secrets.GITHUB_TOKEN }}
          extra_nix_config: |
            accept-flake-config = true

      - name: nix flake update
        run: nix flake update

      - name: Create pull request
        uses: peter-evans/create-pull-request@v7
        with:
          token: ${{ secrets.GITHUB_TOKEN }}
          branch: deps/flake-lock
          delete-branch: true
          commit-message: "chore(nix): update flake.lock"
          title: "chore(nix): update flake.lock"
          labels: dependencies
          body: Automated `nix flake update`.
